// !$*UTF8*$!
{
	archiveVersion = 1;
	classes = {
	};
	objectVersion = 56;
	objects = {

/* Begin PBXBuildFile section */
		1A0000000000000000000300 /* AppDelegate.swift in Sources */ = {isa = PBXBuildFile; fileRef = 1A0000000000000000000100 /* AppDelegate.swift */; };
		1A0000000000000000000301 /* SceneDelegate.swift in Sources */ = {isa = PBXBuildFile; fileRef = 1A0000000000000000000101 /* SceneDelegate.swift */; };
		1A0000000000000000000302 /* MainMenuViewController.swift in Sources */ = {isa = PBXBuildFile; fileRef = 1A0000000000000000000102 /* MainMenuViewController.swift */; };
		1A0000000000000000000303 /* GameViewController.swift in Sources */ = {isa = PBXBuildFile; fileRef = 1A0000000000000000000103 /* GameViewController.swift */; };
		1A0000000000000000000304 /* RealTimeScene.swift in Sources */ = {isa = PBXBuildFile; fileRef = 1A0000000000000000000104 /* RealTimeScene.swift */; };
		1A0000000000000000000305 /* PlayerEntity.swift in Sources */ = {isa = PBXBuildFile; fileRef = 1A0000000000000000000105 /* PlayerEntity.swift */; };
		1A0000000000000000000306 /* EnemyEntity.swift in Sources */ = {isa = PBXBuildFile; fileRef = 1A0000000000000000000106 /* EnemyEntity.swift */; };
		1A0000000000000000000307 /* SpriteComponent.swift in Sources */ = {isa = PBXBuildFile; fileRef = 1A0000000000000000000107 /* SpriteComponent.swift */; };
		1A0000000000000000000308 /* AgentComponent.swift in Sources */ = {isa = PBXBuildFile; fileRef = 1A0000000000000000000108 /* AgentComponent.swift */; };
		1A0000000000000000000309 /* EnemyStateMachine.swift in Sources */ = {isa = PBXBuildFile; fileRef = 1A0000000000000000000109 /* EnemyStateMachine.swift */; };
		1A000000000000000000030A /* TicTacToeModel.swift in Sources */ = {isa = PBXBuildFile; fileRef = 1A000000000000000000010A /* TicTacToeModel.swift */; };
		1A000000000000000000030B /* TurnBasedViewController.swift in Sources */ = {isa = PBXBuildFile; fileRef = 1A000000000000000000010B /* TurnBasedViewController.swift */; };
		1A000000000000000000030C /* GameCenterManager.swift in Sources */ = {isa = PBXBuildFile; fileRef = 1A000000000000000000010C /* GameCenterManager.swift */; };
		1A0000000000000000000400 /* Assets.xcassets in Resources */ = {isa = PBXBuildFile; fileRef = 1A0000000000000000000201 /* Assets.xcassets */; };
		1A0000000000000000000401 /* LaunchScreen.storyboard in Resources */ = {isa = PBXBuildFile; fileRef = 1A0000000000000000000203 /* LaunchScreen.storyboard */; };
/* End PBXBuildFile section */

/* Begin PBXFileReference section */
		1A0000000000000000000050 /* Ubapp.app */ = {isa = PBXFileReference; explicitFileType = wrapper.application; includeInIndex = 0; path = Ubapp.app; sourceTree = BUILT_PRODUCTS_DIR; };
		1A0000000000000000000100 /* AppDelegate.swift */ = {isa = PBXFileReference; lastKnownFileType = sourcecode.swift; path = AppDelegate.swift; sourceTree = "<group>"; };
		1A0000000000000000000101 /* SceneDelegate.swift */ = {isa = PBXFileReference; lastKnownFileType = sourcecode.swift; path = SceneDelegate.swift; sourceTree = "<group>"; };
		1A0000000000000000000102 /* MainMenuViewController.swift */ = {isa = PBXFileReference; lastKnownFileType = sourcecode.swift; path = MainMenuViewController.swift; sourceTree = "<group>"; };
		1A0000000000000000000103 /* GameViewController.swift */ = {isa = PBXFileReference; lastKnownFileType = sourcecode.swift; path = GameViewController.swift; sourceTree = "<group>"; };
		1A0000000000000000000104 /* RealTimeScene.swift */ = {isa = PBXFileReference; lastKnownFileType = sourcecode.swift; path = RealTimeScene.swift; sourceTree = "<group>"; };
		1A0000000000000000000105 /* PlayerEntity.swift */ = {isa = PBXFileReference; lastKnownFileType = sourcecode.swift; path = PlayerEntity.swift; sourceTree = "<group>"; };
		1A0000000000000000000106 /* EnemyEntity.swift */ = {isa = PBXFileReference; lastKnownFileType = sourcecode.swift; path = EnemyEntity.swift; sourceTree = "<group>"; };
		1A0000000000000000000107 /* SpriteComponent.swift */ = {isa = PBXFileReference; lastKnownFileType = sourcecode.swift; path = SpriteComponent.swift; sourceTree = "<group>"; };
		1A0000000000000000000108 /* AgentComponent.swift */ = {isa = PBXFileReference; lastKnownFileType = sourcecode.swift; path = AgentComponent.swift; sourceTree = "<group>"; };
		1A0000000000000000000109 /* EnemyStateMachine.swift */ = {isa = PBXFileReference; lastKnownFileType = sourcecode.swift; path = EnemyStateMachine.swift; sourceTree = "<group>"; };
		1A000000000000000000010A /* TicTacToeModel.swift */ = {isa = PBXFileReference; lastKnownFileType = sourcecode.swift; path = TicTacToeModel.swift; sourceTree = "<group>"; };
		1A000000000000000000010B /* TurnBasedViewController.swift */ = {isa = PBXFileReference; lastKnownFileType = sourcecode.swift; path = TurnBasedViewController.swift; sourceTree = "<group>"; };
		1A000000000000000000010C /* GameCenterManager.swift */ = {isa = PBXFileReference; lastKnownFileType = sourcecode.swift; path = GameCenterManager.swift; sourceTree = "<group>"; };
		1A0000000000000000000200 /* Info.plist */ = {isa = PBXFileReference; lastKnownFileType = text.plist.xml; path = Info.plist; sourceTree = "<group>"; };
		1A0000000000000000000201 /* Assets.xcassets */ = {isa = PBXFileReference; lastKnownFileType = folder.assetcatalog; path = Assets.xcassets; sourceTree = "<group>"; };
		1A0000000000000000000202 /* Base */ = {isa = PBXFileReference; lastKnownFileType = file.storyboard; name = Base; path = Base.lproj/LaunchScreen.storyboard; sourceTree = "<group>"; };
/* End PBXFileReference section */

/* Begin PBXFrameworksBuildPhase section */
		1A0000000000000000000032 /* Frameworks */ = {
			isa = PBXFrameworksBuildPhase;
			buildActionMask = 2147483647;
			files = (
			);
			runOnlyForDeploymentPostprocessing = 0;
		};
/* End PBXFrameworksBuildPhase section */

/* Begin PBXGroup section */
		1A0000000000000000000010 /* Main */ = {
			isa = PBXGroup;
			children = (
				1A0000000000000000000012 /* Ubapp */,
				1A0000000000000000000011 /* Products */,
			);
			sourceTree = "<group>";
		};
		1A0000000000000000000011 /* Products */ = {
			isa = PBXGroup;
			children = (
				1A0000000000000000000050 /* Ubapp.app */,
			);
			name = Products;
			sourceTree = "<group>";
		};
		1A0000000000000000000012 /* Ubapp */ = {
			isa = PBXGroup;
			children = (
				1A0000000000000000000100 /* AppDelegate.swift */,
				1A0000000000000000000101 /* SceneDelegate.swift */,
				1A0000000000000000000102 /* MainMenuViewController.swift */,
				1A0000000000000000000103 /* GameViewController.swift */,
				1A0000000000000000000013 /* RealTime */,
				1A0000000000000000000014 /* TurnBased */,
				1A0000000000000000000015 /* Social */,
				1A0000000000000000000201 /* Assets.xcassets */,
				1A0000000000000000000203 /* LaunchScreen.storyboard */,
				1A0000000000000000000200 /* Info.plist */,
			);
			path = Ubapp;
			sourceTree = "<group>";
		};
		1A0000000000000000000013 /* RealTime */ = {
			isa = PBXGroup;
			children = (
				1A0000000000000000000104 /* RealTimeScene.swift */,
				1A0000000000000000000105 /* PlayerEntity.swift */,
				1A0000000000000000000106 /* EnemyEntity.swift */,
				1A0000000000000000000107 /* SpriteComponent.swift */,
				1A0000000000000000000108 /* AgentComponent.swift */,
				1A0000000000000000000109 /* EnemyStateMachine.swift */,
			);
			path = RealTime;
			sourceTree = "<group>";
		};
		1A0000000000000000000014 /* TurnBased */ = {
			isa = PBXGroup;
			children = (
				1A000000000000000000010A /* TicTacToeModel.swift */,
				1A000000000000000000010B /* TurnBasedViewController.swift */,
			);
			path = TurnBased;
			sourceTree = "<group>";
		};
		1A0000000000000000000015 /* Social */ = {
			isa = PBXGroup;
			children = (
				1A000000000000000000010C /* GameCenterManager.swift */,
			);
			path = Social;
			sourceTree = "<group>";
		};
/* End PBXGroup section */

/* Begin PBXNativeTarget section */
		1A0000000000000000000020 /* Ubapp */ = {
			isa = PBXNativeTarget;
			buildConfigurationList = 1A0000000000000000000041 /* Build configuration list for PBXNativeTarget "Ubapp" */;
			buildPhases = (
				1A0000000000000000000030 /* Sources */,
				1A0000000000000000000031 /* Resources */,
				1A0000000000000000000032 /* Frameworks */,
			);
			buildRules = (
			);
			dependencies = (
			);
			name = Ubapp;
			productName = Ubapp;
			productReference = 1A0000000000000000000050 /* Ubapp.app */;
			productType = "com.apple.product-type.application";
		};
/* End PBXNativeTarget section */

/* Begin PBXProject section */
		1A0000000000000000000001 /* Project object */ = {
			isa = PBXProject;
			attributes = {
				BuildIndependentTargetsInParallel = 1;
				LastSwiftUpdateCheck = 1500;
				LastUpgradeCheck = 1500;
				TargetAttributes = {
					1A0000000000000000000020 = {
						CreatedOnToolsVersion = 15.0;
					};
				};
			};
			buildConfigurationList = 1A0000000000000000000040 /* Build configuration list for PBXProject "Ubapp" */;
			compatibilityVersion = "Xcode 14.0";
			developmentRegion = en;
			hasScannedForEncodings = 0;
			knownRegions = (
				en,
				Base,
			);
			mainGroup = 1A0000000000000000000010;
			productRefGroup = 1A0000000000000000000011 /* Products */;
			projectDirPath = "";
			projectRoot = "";
			targets = (
				1A0000000000000000000020 /* Ubapp */,
			);
		};
/* End PBXProject section */

/* Begin PBXResourcesBuildPhase section */
		1A0000000000000000000031 /* Resources */ = {
			isa = PBXResourcesBuildPhase;
			buildActionMask = 2147483647;
			files = (
				1A0000000000000000000401 /* LaunchScreen.storyboard in Resources */,
				1A0000000000000000000400 /* Assets.xcassets in Resources */,
			);
			runOnlyForDeploymentPostprocessing = 0;
		};
/* End PBXResourcesBuildPhase section */

/* Begin PBXSourcesBuildPhase section */
		1A0000000000000000000030 /* Sources */ = {
			isa = PBXSourcesBuildPhase;
			buildActionMask = 2147483647;
			files = (
				1A0000000000000000000300 /* AppDelegate.swift in Sources */,
				1A0000000000000000000301 /* SceneDelegate.swift in Sources */,
				1A0000000000000000000302 /* MainMenuViewController.swift in Sources */,
				1A0000000000000000000303 /* GameViewController.swift in Sources */,
				1A0000000000000000000304 /* RealTimeScene.swift in Sources */,
				1A0000000000000000000305 /* PlayerEntity.swift in Sources */,
				1A0000000000000000000306 /* EnemyEntity.swift in Sources */,
				1A0000000000000000000307 /* SpriteComponent.swift in Sources */,
				1A0000000000000000000308 /* AgentComponent.swift in Sources */,
				1A0000000000000000000309 /* EnemyStateMachine.swift in Sources */,
				1A000000000000000000030A /* TicTacToeModel.swift in Sources */,
				1A000000000000000000030B /* TurnBasedViewController.swift in Sources */,
				1A000000000000000000030C /* GameCenterManager.swift in Sources */,
			);
			runOnlyForDeploymentPostprocessing = 0;
		};
/* End PBXSourcesBuildPhase section */

/* Begin PBXVariantGroup section */
		1A0000000000000000000203 /* LaunchScreen.storyboard */ = {
			isa = PBXVariantGroup;
			children = (
				1A0000000000000000000202 /* Base */,
			);
			name = LaunchScreen.storyboard;
			sourceTree = "<group>";
		};
/* End PBXVariantGroup section */

/* Begin XCBuildConfiguration section */
		1A0000000000000000000042 /* Debug */ = {
			isa = XCBuildConfiguration;
			buildSettings = {
				ALWAYS_SEARCH_USER_PATHS = NO;
				ASSETCATALOG_COMPILER_GENERATE_SWIFT_ASSET_SYMBOL_EXTENSIONS = YES;
				CLANG_ANALYZER_NONNULL = YES;
				CLANG_ANALYZER_NUMBER_OBJECT_CONVERSION = YES_AGGRESSIVE;
				CLANG_CXX_LANGUAGE_STANDARD = "gnu++20";
				CLANG_ENABLE_MODULES = YES;
				CLANG_ENABLE_OBJC_ARC = YES;
				CLANG_ENABLE_OBJC_WEAK = YES;
				CLANG_WARN_BLOCK_CAPTURE_AUTORELEASING = YES;
				CLANG_WARN_BOOL_CONVERSION = YES;
				CLANG_WARN_COMMA = YES;
				CLANG_WARN_CONSTANT_CONVERSION = YES;
				CLANG_WARN_DEPRECATED_OBJC_IMPLEMENTATIONS = YES;
				CLANG_WARN_DIRECT_OBJC_ISA_USAGE = YES_ERROR;
				CLANG_WARN_DOCUMENTATION_COMMENTS = YES;
				CLANG_WARN_EMPTY_BODY = YES;
				CLANG_WARN_ENUM_CONVERSION = YES;
				CLANG_WARN_INFINITE_RECURSION = YES;
				CLANG_WARN_INT_CONVERSION = YES;
				CLANG_WARN_NON_LITERAL_NULL_CONVERSION = YES;
				CLANG_WARN_OBJC_IMPLICIT_RETAIN_SELF = YES;
				CLANG_WARN_OBJC_LITERAL_CONVERSION = YES;
				CLANG_WARN_OBJC_ROOT_CLASS = YES_ERROR;
				CLANG_WARN_QUOTED_INCLUDE_IN_FRAMEWORK_HEADER = YES;
				CLANG_WARN_RANGE_LOOP_ANALYSIS = YES;
				CLANG_WARN_STRICT_PROTOTYPES = YES;
				CLANG_WARN_SUSPICIOUS_MOVE = YES;
				CLANG_WARN_UNGUARDED_AVAILABILITY = YES_AGGRESSIVE;
				CLANG_WARN_UNREACHABLE_CODE = YES;
				CLANG_WARN__DUPLICATE_METHOD_MATCH = YES;
				COPY_PHASE_STRIP = NO;
				DEBUG_INFORMATION_FORMAT = dwarf;
				ENABLE_STRICT_OBJC_MSGSEND = YES;
				ENABLE_TESTABILITY = YES;
				ENABLE_USER_SCRIPT_SANDBOXING = YES;
				GCC_C_LANGUAGE_STANDARD = gnu17;
				GCC_DYNAMIC_NO_PIC = NO;
				GCC_NO_COMMON_BLOCKS = YES;
				GCC_OPTIMIZATION_LEVEL = 0;
				GCC_PREPROCESSOR_DEFINITIONS = (
					"DEBUG=1",
					"$(inherited)",
				);
				GCC_WARN_64_TO_32_BIT_CONVERSION = YES;
				GCC_WARN_ABOUT_RETURN_TYPE = YES_ERROR;
				GCC_WARN_UNDECLARED_SELECTOR = YES;
				GCC_WARN_UNINITIALIZED_AUTOS = YES_AGGRESSIVE;
				GCC_WARN_UNUSED_FUNCTION = YES;
				GCC_WARN_UNUSED_VARIABLE = YES;
				IPHONEOS_DEPLOYMENT_TARGET = 16.0;
				LOCALIZATION_PREFERS_STRING_CATALOGS = YES;
				MTL_ENABLE_DEBUG_INFO = INCLUDE_SOURCE;
				MTL_FAST_MATH = YES;
				ONLY_ACTIVE_ARCH = YES;
				SDKROOT = iphoneos;
				SWIFT_ACTIVE_COMPILATION_CONDITIONS = "DEBUG $(inherited)";
				SWIFT_OPTIMIZATION_LEVEL = "-Onone";
			};
			name = Debug;
		};
		1A0000000000000000000043 /* Release */ = {
			isa = XCBuildConfiguration;
			buildSettings = {
				ALWAYS_SEARCH_USER_PATHS = NO;
				ASSETCATALOG_COMPILER_GENERATE_SWIFT_ASSET_SYMBOL_EXTENSIONS = YES;
				CLANG_ANALYZER_NONNULL = YES;
				CLANG_ANALYZER_NUMBER_OBJECT_CONVERSION = YES_AGGRESSIVE;
				CLANG_CXX_LANGUAGE_STANDARD = "gnu++20";
				CLANG_ENABLE_MODULES = YES;
				CLANG_ENABLE_OBJC_ARC = YES;
				CLANG_ENABLE_OBJC_WEAK = YES;
				CLANG_WARN_BLOCK_CAPTURE_AUTORELEASING = YES;
				CLANG_WARN_BOOL_CONVERSION = YES;
				CLANG_WARN_COMMA = YES;
				CLANG_WARN_CONSTANT_CONVERSION = YES;
				CLANG_WARN_DEPRECATED_OBJC_IMPLEMENTATIONS = YES;
				CLANG_WARN_DIRECT_OBJC_ISA_USAGE = YES_ERROR;
				CLANG_WARN_DOCUMENTATION_COMMENTS = YES;
				CLANG_WARN_EMPTY_BODY = YES;
				CLANG_WARN_ENUM_CONVERSION = YES;
				CLANG_WARN_INFINITE_RECURSION = YES;
				CLANG_WARN_INT_CONVERSION = YES;
				CLANG_WARN_NON_LITERAL_NULL_CONVERSION = YES;
				CLANG_WARN_OBJC_IMPLICIT_RETAIN_SELF = YES;
				CLANG_WARN_OBJC_LITERAL_CONVERSION = YES;
				CLANG_WARN_OBJC_ROOT_CLASS = YES_ERROR;
				CLANG_WARN_QUOTED_INCLUDE_IN_FRAMEWORK_HEADER = YES;
				CLANG_WARN_RANGE_LOOP_ANALYSIS = YES;
				CLANG_WARN_STRICT_PROTOTYPES = YES;
				CLANG_WARN_SUSPICIOUS_MOVE = YES;
				CLANG_WARN_UNGUARDED_AVAILABILITY = YES_AGGRESSIVE;
				CLANG_WARN_UNREACHABLE_CODE = YES;
				CLANG_WARN__DUPLICATE_METHOD_MATCH = YES;
				COPY_PHASE_STRIP = NO;
				DEBUG_INFORMATION_FORMAT = "dwarf-with-dsym";
				ENABLE_NS_ASSERTIONS = NO;
				ENABLE_STRICT_OBJC_MSGSEND = YES;
				ENABLE_USER_SCRIPT_SANDBOXING = YES;
				GCC_C_LANGUAGE_STANDARD = gnu17;
				GCC_NO_COMMON_BLOCKS = YES;
				GCC_WARN_64_TO_32_BIT_CONVERSION = YES;
				GCC_WARN_ABOUT_RETURN_TYPE = YES_ERROR;
				GCC_WARN_UNDECLARED_SELECTOR = YES;
				GCC_WARN_UNINITIALIZED_AUTOS = YES_AGGRESSIVE;
				GCC_WARN_UNUSED_FUNCTION = YES;
				GCC_WARN_UNUSED_VARIABLE = YES;
				IPHONEOS_DEPLOYMENT_TARGET = 16.0;
				LOCALIZATION_PREFERS_STRING_CATALOGS = YES;
				MTL_ENABLE_DEBUG_INFO = NO;
				MTL_FAST_MATH = YES;
				SDKROOT = iphoneos;
				SWIFT_COMPILATION_MODE = wholemodule;
				VALIDATE_PRODUCT = YES;
			};
			name = Release;
		};
		1A0000000000000000000044 /* Debug */ = {
			isa = XCBuildConfiguration;
			buildSettings = {
				ASSETCATALOG_COMPILER_APPICON_NAME = AppIcon;
				ASSETCATALOG_COMPILER_GLOBAL_ACCENT_COLOR_NAME = AccentColor;
				CODE_SIGN_STYLE = Automatic;
				CURRENT_PROJECT_VERSION = 1;
				ENABLE_PREVIEWS = YES;
				GENERATE_INFOPLIST_FILE = NO;
				INFOPLIST_FILE = Ubapp/Info.plist;
				INFOPLIST_KEY_UILaunchStoryboardName = LaunchScreen;
				LD_RUNPATH_SEARCH_PATHS = (
					"$(inherited)",
					"@executable_path/Frameworks",
				);
				MARKETING_VERSION = 1.0;
				PRODUCT_BUNDLE_IDENTIFIER = com.example.Ubapp;
				PRODUCT_NAME = "$(TARGET_NAME)";
				SWIFT_EMIT_LOC_STRINGS = YES;
				SWIFT_VERSION = 5.0;
				TARGETED_DEVICE_FAMILY = "1,2";
			};
			name = Debug;
		};
		1A0000000000000000000045 /* Release */ = {
			isa = XCBuildConfiguration;
			buildSettings = {
				ASSETCATALOG_COMPILER_APPICON_NAME = AppIcon;
				ASSETCATALOG_COMPILER_GLOBAL_ACCENT_COLOR_NAME = AccentColor;
				CODE_SIGN_STYLE = Automatic;
				CURRENT_PROJECT_VERSION = 1;
				ENABLE_PREVIEWS = YES;
				GENERATE_INFOPLIST_FILE = NO;
				INFOPLIST_FILE = Ubapp/Info.plist;
				INFOPLIST_KEY_UILaunchStoryboardName = LaunchScreen;
				LD_RUNPATH_SEARCH_PATHS = (
					"$(inherited)",
					"@executable_path/Frameworks",
				);
				MARKETING_VERSION = 1.0;
				PRODUCT_BUNDLE_IDENTIFIER = com.example.Ubapp;
				PRODUCT_NAME = "$(TARGET_NAME)";
				SWIFT_EMIT_LOC_STRINGS = YES;
				SWIFT_VERSION = 5.0;
				TARGETED_DEVICE_FAMILY = "1,2";
			};
			name = Release;
		};
/* End XCBuildConfiguration section */

/* Begin XCConfigurationList section */
		1A0000000000000000000040 /* Build configuration list for PBXProject "Ubapp" */ = {
			isa = XCConfigurationList;
			buildConfigurations = (
				1A0000000000000000000042 /* Debug */,
				1A0000000000000000000043 /* Release */,
			);
			defaultConfigurationIsVisible = 0;
			defaultConfigurationName = Release;
		};
		1A0000000000000000000041 /* Build configuration list for PBXNativeTarget "Ubapp" */ = {
			isa = XCConfigurationList;
			buildConfigurations = (
				1A0000000000000000000044 /* Debug */,
				1A0000000000000000000045 /* Release */,
			);
			defaultConfigurationIsVisible = 0;
			defaultConfigurationName = Release;
		};
/* End XCConfigurationList section */
	};
	rootObject = 1A0000000000000000000001 /* Project object */;
}
